
Microsoft Visual Studio Solution File, Format Version 12.00
# Visual Studio Version 16
VisualStudioVersion = 16.0.30804.86
MinimumVisualStudioVersion = 10.0.40219.1
Project("{F184B08F-C81C-45F6-A57F-5ABD9991F28F}") = "Simple Calculator", "Simple Calculator.vbproj", "{1C9FD8F2-7381-4167-BA3F-AAEBD951B9D3}"
EndProject
Global
	GlobalSection(SolutionConfigurationPlatforms) = preSolution
		Debug|Any CPU = Debug|Any CPU
		Release|Any CPU = Release|Any CPU
	EndGlobalSection
	GlobalSection(ProjectConfigurationPlatforms) = postSolution
		{1C9FD8F2-7381-4167-BA3F-AAEBD951B9D3}.Debug|Any CPU.ActiveCfg = Debug|Any CPU
		{1C9FD8F2-7381-4167-BA3F-AAEBD951B9D3}.Debug|Any CPU.Build.0 = Debug|Any CPU
		{1C9FD8F2-7381-4167-BA3F-AAEBD951B9D3}.Release|Any CPU.ActiveCfg = Release|Any CPU
		{1C9FD8F2-7381-4167-BA3F-AAEBD951B9D3}.Release|Any CPU.Build.0 = Release|Any CPU
	EndGlobalSection
	GlobalSection(SolutionProperties) = preSolution
		HideSolutionNode = FALSE
	EndGlobalSection
	GlobalSection(ExtensibilityGlobals) = postSolution
		SolutionGuid = {72B2873D-6DEE-407C-8062-F48486A29DCD}
	EndGlobalSection
EndGlobal
